{"SurveyEntry":{"SurveyID":"SV_8FY85Ofy62mAoXY","SurveyName":"P&G Brasil - Loja f\u00edsica e Online","SurveyDescription":null,"SurveyOwnerID":"UR_54lRusQzWRTGNBI","SurveyBrandID":"offerwise","DivisionID":null,"SurveyLanguage":"PT-BR","SurveyActiveResponseSet":"RS_9ZAxysLDmeIADga","SurveyStatus":"Inactive","SurveyStartDate":"0000-00-00 00:00:00","SurveyExpirationDate":"0000-00-00 00:00:00","SurveyCreationDate":"2024-07-25 05:45:46","CreatorID":"UR_54lRusQzWRTGNBI","LastModified":"2024-07-25 05:46:12","LastAccessed":"0000-00-00 00:00:00","LastActivated":"0000-00-00 00:00:00","Deleted":null},"SurveyElements":[{"SurveyID":"SV_8FY85Ofy62mAoXY","Element":"BL","PrimaryAttribute":"Survey Blocks","SecondaryAttribute":null,"TertiaryAttribute":null,"Payload":[{"Type":"Default","Description":"Bloco de perguntas padr\u00e3o","ID":"BL_6MCjDUJ6tPsTp4y","BlockElements":[{"Type":"Question","QuestionID":"QID1","SkipLogic":[{"SkipLogicID":1,"ChoiceLocator":"q:\/\/QID1\/SelectableChoice\/1","Condition":"Selected","SkipToDestination":"ENDOFBLOCK","Locator":"q:\/\/QID1\/SelectableChoice\/1","SkipToDescription":"Clicar para escrever o text... <strong>FILTRAR<\/strong>  <strong>Est\u00e1 seleccionado<\/strong>","Description":"Condici\u00f3n: <strong title=\"FILTRAR\">FILTRAR<\/strong> <strong>Est\u00e1 seleccionado<\/strong>. Saltar a: <strong>Fin del bloque<\/strong>.","QuestionID":"QID1"}]},{"Type":"Page Break"},{"Type":"Question","QuestionID":"QID2"},{"Type":"Question","QuestionID":"QID3"}]},{"Type":"Trash","Description":"Lixeira\/perguntas n\u00e3o usadas","ID":"BL_3L7yje63ubqXRlk"}]},{"SurveyID":"SV_8FY85Ofy62mAoXY","Element":"FL","PrimaryAttribute":"Survey Flow","SecondaryAttribute":null,"TertiaryAttribute":null,"Payload":{"Type":"Root","FlowID":"FL_1","Flow":[{"Type":"EmbeddedData","FlowID":"FL_3","EmbeddedData":[{"Description":"owid","Type":"Custom","Field":"owid","VariableType":"String","DataVisibility":[],"AnalyzeText":false,"Value":"${e:\/\/Field\/owid}"},{"Description":"panelistid","Type":"Custom","Field":"panelistid","VariableType":"String","DataVisibility":[],"AnalyzeText":false,"Value":"${e:\/\/Field\/panelistid}"},{"Description":"link","Type":"Custom","Field":"link","VariableType":"String","DataVisibility":[],"AnalyzeText":false,"Value":"${e:\/\/Field\/link}"},{"Description":"age","Type":"Custom","Field":"age","VariableType":"String","DataVisibility":[],"AnalyzeText":false,"Value":"${e:\/\/Field\/age}"},{"Description":"gender","Type":"Custom","Field":"gender","VariableType":"String","DataVisibility":[],"AnalyzeText":false,"Value":"${e:\/\/Field\/gender}"},{"Description":"sel","Type":"Custom","Field":"sel","VariableType":"String","DataVisibility":[],"AnalyzeText":false,"Value":"${e:\/\/Field\/sel}"},{"Description":"region","Type":"Custom","Field":"region","VariableType":"String","DataVisibility":[],"AnalyzeText":false,"Value":"${e:\/\/Field\/region}"},{"Description":"state","Type":"Custom","Field":"state","VariableType":"String","DataVisibility":[],"AnalyzeText":false,"Value":"${e:\/\/Field\/state}"},{"Description":"city","Type":"Custom","Field":"city","VariableType":"String","DataVisibility":[],"AnalyzeText":false,"Value":"${e:\/\/Field\/city}"},{"Description":"am","Type":"Custom","Field":"am","VariableType":"String","DataVisibility":[],"AnalyzeText":false,"Value":"${e:\/\/Field\/am}"},{"Description":"country","Type":"Custom","Field":"country","VariableType":"String","DataVisibility":[],"AnalyzeText":false,"Value":"${e:\/\/Field\/country}"},{"Description":"Q_TerminateFlag","Type":"Recipient","Field":"Q_TerminateFlag","VariableType":"String","DataVisibility":[],"AnalyzeText":false}]},{"Type":"Block","ID":"BL_6MCjDUJ6tPsTp4y","FlowID":"FL_2","Autofill":[]},{"Type":"Branch","FlowID":"FL_4","Description":"New Branch","BranchLogic":{"0":{"0":{"LogicType":"Question","QuestionID":"QID1","QuestionIsInLoop":"no","ChoiceLocator":"q:\/\/QID1\/SelectableChoice\/1","Operator":"Selected","QuestionIDFromLocator":"QID1","LeftOperand":"q:\/\/QID1\/SelectableChoice\/1","Type":"Expression","Description":"<span class=\"ConjDesc\">Si<\/span> <span class=\"QuestionDesc\">Clicar para escrever o texto da pergunta<\/span> <span class=\"LeftOpDesc\">Clique aqui para gravar a op\u00e7\u00e3o de resposta 1<\/span> <span class=\"OpDesc\">Est\u00e1 seleccionado<\/span> "},"Type":"If"},"Type":"BooleanExpression"},"Flow":[{"Type":"EndSurvey","FlowID":"FL_5","EndingType":"Advanced","Options":{"Advanced":"true","SurveyTermination":"Redirect","EOSRedirectURL":"https:\/\/www.surveytaking.com\/processsurvey.php?status=screened&owid=${e:\/\/Field\/owid}","ResponseFlag":"Screened"}}]},{"Type":"EndSurvey","FlowID":"FL_6","EndingType":"Advanced","Options":{"Advanced":"true","SurveyTermination":"Redirect","EOSRedirectURL":"https:\/\/www.surveytaking.com\/processsurvey.php?status=complete&owid=${e:\/\/Field\/owid}"}}],"Properties":{"Count":7}}},{"SurveyID":"SV_8FY85Ofy62mAoXY","Element":"PL","PrimaryAttribute":"Preview Link","SecondaryAttribute":null,"TertiaryAttribute":null,"Payload":{"PreviewType":"Brand","PreviewID":"2dd60297-2d03-44c1-abd5-05b4c437a193"}},{"SurveyID":"SV_8FY85Ofy62mAoXY","Element":"SO","PrimaryAttribute":"Survey Options","SecondaryAttribute":null,"TertiaryAttribute":null,"Payload":{"BackButton":"true","SaveAndContinue":"false","SurveyProtection":"PublicSurvey","BallotBoxStuffingPrevention":"true","NoIndex":"Yes","SecureResponseFiles":"true","SurveyExpiration":"None","SurveyTermination":"DefaultMessage","Header":"","Footer":"","ProgressBarDisplay":"None","PartialData":"+1 week","ValidationMessage":null,"PreviousButton":"","NextButton":"","SurveyTitle":"Pesquisa Qualtrics | Gest\u00e3o da experi\u00eancia do Qualtrics","SkinLibrary":"offerwise","SkinType":"templated","Skin":{"brandingId":"9794638608","templateId":"*base","overrides":null},"NewScoring":1,"SurveyMetaDescription":"A maneira mais avan\u00e7ada, simples e confi\u00e1vel de coletar dados de experi\u00eancia. Comece a sua jornada para a gest\u00e3o da experi\u00eancia e teste uma conta gratuita hoje.","EOSMessage":null,"ShowExportTags":"true","CollectGeoLocation":"false","PasswordProtection":"No","AnonymizeResponse":"No","RefererCheck":"No","BallotBoxStuffingPreventionBehavior":"DefaultMessage","BallotBoxStuffingPreventionMessage":null,"BallotBoxStuffingPreventionMessageLibrary":null,"BallotBoxStuffingPreventionURL":null,"RecaptchaV3":"false","ConfirmStart":false,"AutoConfirmStart":false,"RelevantID":"false","RelevantIDLockoutPeriod":"+30 days","UseCustomSurveyLinkCompletedMessage":null,"SurveyLinkCompletedMessage":null,"SurveyLinkCompletedMessageLibrary":null,"ResponseSummary":"No","EOSMessageLibrary":null,"EOSRedirectURL":null,"EmailThankYou":"false","ThankYouEmailMessageLibrary":null,"ThankYouEmailMessage":null,"ValidateMessage":"false","ValidationMessageLibrary":null,"InactiveSurvey":"DefaultMessage","PartialDeletion":null,"PartialDataCloseAfter":"LastActivity","InactiveMessageLibrary":null,"InactiveMessage":null,"AvailableLanguages":{"PT-BR":[]}}},{"SurveyID":"SV_8FY85Ofy62mAoXY","Element":"SCO","PrimaryAttribute":"Scoring","SecondaryAttribute":null,"TertiaryAttribute":null,"Payload":{"ScoringCategories":[],"ScoringCategoryGroups":[],"ScoringSummaryCategory":null,"ScoringSummaryAfterQuestions":0,"ScoringSummaryAfterSurvey":0,"DefaultScoringCategory":null,"AutoScoringCategory":null}},{"SurveyID":"SV_8FY85Ofy62mAoXY","Element":"PROJ","PrimaryAttribute":"CORE","SecondaryAttribute":null,"TertiaryAttribute":"1.1.0","Payload":{"ProjectCategory":"CORE","SchemaVersion":"1.1.0"}},{"SurveyID":"SV_8FY85Ofy62mAoXY","Element":"STAT","PrimaryAttribute":"Survey Statistics","SecondaryAttribute":null,"TertiaryAttribute":null,"Payload":{"MobileCompatible":true,"ID":"Survey Statistics"}},{"SurveyID":"SV_8FY85Ofy62mAoXY","Element":"QC","PrimaryAttribute":"Survey Question Count","SecondaryAttribute":"3","TertiaryAttribute":null,"Payload":null},{"SurveyID":"SV_8FY85Ofy62mAoXY","Element":"SQ","PrimaryAttribute":"QID1","SecondaryAttribute":"Clicar para escrever o texto da pergunta","TertiaryAttribute":null,"Payload":{"QuestionText":"Clicar para escrever o texto da pergunta","DataExportTag":"Q1","QuestionType":"MC","Selector":"SAVR","SubSelector":"TX","DataVisibility":{"Private":false,"Hidden":false},"Configuration":{"QuestionDescriptionOption":"UseText"},"QuestionDescription":"Clicar para escrever o texto da pergunta","Choices":{"1":{"Display":"FILTRAR"},"2":{"Display":"CONTINUAR"},"3":{"Display":"CONTINUAR"}},"ChoiceOrder":["1","2","3"],"Validation":{"Settings":{"ForceResponse":"OFF","Type":"None"}},"Language":[],"NextChoiceId":4,"NextAnswerId":1,"QuestionID":"QID1"}},{"SurveyID":"SV_8FY85Ofy62mAoXY","Element":"SQ","PrimaryAttribute":"QID3","SecondaryAttribute":"Click to write the question text","TertiaryAttribute":null,"Payload":{"QuestionText":"Click to write the question text","DataExportTag":"Q3","QuestionType":"MC","Selector":"SAVR","SubSelector":"TX","DataVisibility":{"Private":false,"Hidden":false},"Configuration":{"QuestionDescriptionOption":"UseText"},"QuestionDescription":"Click to write the question text","Choices":{"1":{"Display":"Click to write Choice 1"},"2":{"Display":"Click to write Choice 2"},"3":{"Display":"Click to write Choice 3"}},"ChoiceOrder":["1","2","3"],"Validation":{"Settings":{"ForceResponse":"OFF","Type":"None"}},"Language":[],"NextChoiceId":4,"NextAnswerId":1,"QuestionID":"QID3"}},{"SurveyID":"SV_8FY85Ofy62mAoXY","Element":"RS","PrimaryAttribute":"RS_9ZAxysLDmeIADga","SecondaryAttribute":"Conjunto de respostas padr\u00e3o","TertiaryAttribute":null,"Payload":null},{"SurveyID":"SV_8FY85Ofy62mAoXY","Element":"SQ","PrimaryAttribute":"QID2","SecondaryAttribute":"Haga clic para escribir el texto de la pregunta","TertiaryAttribute":null,"Payload":{"QuestionText":"Haga clic para escribir el texto de la pregunta","DataExportTag":"Q2","QuestionType":"MC","Selector":"SAVR","SubSelector":"TX","DataVisibility":{"Private":false,"Hidden":false},"Configuration":{"QuestionDescriptionOption":"UseText"},"QuestionDescription":"Haga clic para escribir el texto de la pregunta","Choices":{"1":{"Display":"Haga clic para escribir la opci\u00f3n 1"},"2":{"Display":"Haga clic para escribir la opci\u00f3n 2"},"3":{"Display":"Haga clic para escribir la opci\u00f3n 3"}},"ChoiceOrder":["1","2","3"],"Validation":{"Settings":{"ForceResponse":"OFF","Type":"None"}},"Language":[],"NextChoiceId":4,"NextAnswerId":1,"QuestionID":"QID2"}}]}