{"SurveyEntry":{"SurveyID":"SV_6kZygs4cKV6z0ge","SurveyName":"BASE-SURVEY-NEW","SurveyDescription":null,"SurveyOwnerID":"UR_2f9yOCxjNbIzQr4","SurveyBrandID":"offerwise","DivisionID":null,"SurveyLanguage":"PT-BR","SurveyActiveResponseSet":"RS_eWdw7AuLZ29L9Vc","SurveyStatus":"Inactive","SurveyStartDate":"0000-00-00 00:00:00","SurveyExpirationDate":"0000-00-00 00:00:00","SurveyCreationDate":"2026-03-09 11:26:40","CreatorID":"UR_2f9yOCxjNbIzQr4","LastModified":"2026-03-09 11:35:04","LastAccessed":"0000-00-00 00:00:00","LastActivated":"0000-00-00 00:00:00","Deleted":null},"SurveyElements":[{"SurveyID":"SV_6kZygs4cKV6z0ge","Element":"BL","PrimaryAttribute":"Survey Blocks","SecondaryAttribute":null,"TertiaryAttribute":null,"Payload":[{"Type":"Default","Description":"EXCLUIR!","ID":"BL_6MCjDUJ6tPsTp4y","BlockElements":[{"Type":"Question","QuestionID":"QID1"}],"Options":{"BlockLocking":"false","RandomizeQuestions":"false","BlockVisibility":"Expanded"}},{"Type":"Trash","Description":"Lixeira\/perguntas n\u00e3o usadas","ID":"BL_3L7yje63ubqXRlk","BlockElements":[{"Type":"Question","QuestionID":"QID3"},{"Type":"Question","QuestionID":"QID2"}]},{"Type":"Standard","SubType":"","Description":"Padr\u00e3o","ID":"BL_2af9RJG2Ojr4gf4"}]},{"SurveyID":"SV_6kZygs4cKV6z0ge","Element":"FL","PrimaryAttribute":"Survey Flow","SecondaryAttribute":null,"TertiaryAttribute":null,"Payload":{"Type":"Root","FlowID":"FL_1","Flow":[{"Type":"EmbeddedData","FlowID":"FL_3","EmbeddedData":[{"Description":"owid","Type":"Custom","Field":"owid","VariableType":"String","DataVisibility":[],"AnalyzeText":false,"Value":"${e:\/\/Field\/owid}"},{"Description":"panelistid","Type":"Custom","Field":"panelistid","VariableType":"String","DataVisibility":[],"AnalyzeText":false,"Value":"${e:\/\/Field\/panelistid}"},{"Description":"link","Type":"Custom","Field":"link","VariableType":"String","DataVisibility":[],"AnalyzeText":false,"Value":"${e:\/\/Field\/link}"},{"Description":"age","Type":"Custom","Field":"age","VariableType":"String","DataVisibility":[],"AnalyzeText":false,"Value":"${e:\/\/Field\/age}"},{"Description":"gender","Type":"Custom","Field":"gender","VariableType":"String","DataVisibility":[],"AnalyzeText":false,"Value":"${e:\/\/Field\/gender}"},{"Description":"sel","Type":"Custom","Field":"sel","VariableType":"String","DataVisibility":[],"AnalyzeText":false,"Value":"${e:\/\/Field\/sel}"},{"Description":"region","Type":"Custom","Field":"region","VariableType":"String","DataVisibility":[],"AnalyzeText":false,"Value":"${e:\/\/Field\/region}"},{"Description":"state","Type":"Custom","Field":"state","VariableType":"String","DataVisibility":[],"AnalyzeText":false,"Value":"${e:\/\/Field\/state}"},{"Description":"city","Type":"Custom","Field":"city","VariableType":"String","DataVisibility":[],"AnalyzeText":false,"Value":"${e:\/\/Field\/city}"},{"Description":"am","Type":"Custom","Field":"am","VariableType":"String","DataVisibility":[],"AnalyzeText":false,"Value":"${e:\/\/Field\/am}"},{"Description":"country","Type":"Custom","Field":"country","VariableType":"String","DataVisibility":[],"AnalyzeText":false,"Value":"${e:\/\/Field\/country}"},{"Description":"Q_TerminateFlag","Type":"Recipient","Field":"Q_TerminateFlag","VariableType":"String","DataVisibility":[],"AnalyzeText":false},{"Description":"TERM","Type":"Recipient","Field":"TERM","VariableType":"String","DataVisibility":[],"AnalyzeText":false}]},{"Type":"Block","ID":"BL_6MCjDUJ6tPsTp4y","FlowID":"FL_2","Autofill":[]},{"ID":"BL_2af9RJG2Ojr4gf4","Type":"Standard","FlowID":"FL_9"},{"Type":"EmbeddedData","FlowID":"FL_8","EmbeddedData":[{"Description":"TERM","Type":"Custom","Field":"TERM","VariableType":"String","DataVisibility":[],"AnalyzeText":false,"Value":"COMPLETE"}]},{"Type":"EndSurvey","FlowID":"FL_6","EndingType":"Advanced","Options":{"Advanced":"true","SurveyTermination":"Redirect","EOSRedirectURL":"https:\/\/www.surveytaking.com\/processsurvey.php?status=complete&owid=${e:\/\/Field\/owid}"}}],"Properties":{"Count":9}}},{"SurveyID":"SV_6kZygs4cKV6z0ge","Element":"PL","PrimaryAttribute":"Preview Link","SecondaryAttribute":null,"TertiaryAttribute":null,"Payload":{"PreviewType":"Brand","PreviewID":"4b255cc4-7afb-49fc-aa0e-0f84000e6ca4"}},{"SurveyID":"SV_6kZygs4cKV6z0ge","Element":"PROJ","PrimaryAttribute":"CORE","SecondaryAttribute":null,"TertiaryAttribute":"1.1.0","Payload":{"ProjectCategory":"CORE","SchemaVersion":"1.1.0"}},{"SurveyID":"SV_6kZygs4cKV6z0ge","Element":"QC","PrimaryAttribute":"Survey Question Count","SecondaryAttribute":"3","TertiaryAttribute":null,"Payload":null},{"SurveyID":"SV_6kZygs4cKV6z0ge","Element":"RS","PrimaryAttribute":"RS_eWdw7AuLZ29L9Vc","SecondaryAttribute":"Conjunto de respostas padr\u00e3o","TertiaryAttribute":null,"Payload":null},{"SurveyID":"SV_6kZygs4cKV6z0ge","Element":"SCO","PrimaryAttribute":"Scoring","SecondaryAttribute":null,"TertiaryAttribute":null,"Payload":{"ScoringCategories":[],"ScoringCategoryGroups":[],"ScoringSummaryCategory":null,"ScoringSummaryAfterQuestions":0,"ScoringSummaryAfterSurvey":0,"DefaultScoringCategory":null,"AutoScoringCategory":null}},{"SurveyID":"SV_6kZygs4cKV6z0ge","Element":"SO","PrimaryAttribute":"Survey Options","SecondaryAttribute":null,"TertiaryAttribute":null,"Payload":{"BackButton":"true","SaveAndContinue":"false","SurveyProtection":"PublicSurvey","BallotBoxStuffingPrevention":"true","NoIndex":"Yes","SecureResponseFiles":"true","SurveyExpiration":"None","SurveyTermination":"DefaultMessage","Header":"","Footer":"","ProgressBarDisplay":"None","PartialData":"+1 week","ValidationMessage":null,"PreviousButton":"","NextButton":"","SurveyTitle":"Pesquisa Qualtrics | Gest\u00e3o da experi\u00eancia do Qualtrics","SkinLibrary":"offerwise","SkinType":"templated","Skin":{"brandingId":"9794638608","templateId":"*base","overrides":null},"NewScoring":1,"SurveyMetaDescription":"A maneira mais avan\u00e7ada, simples e confi\u00e1vel de coletar dados de experi\u00eancia. Comece a sua jornada para a gest\u00e3o da experi\u00eancia e teste uma conta gratuita hoje.","EOSMessage":null,"ShowExportTags":"true","CollectGeoLocation":"false","PasswordProtection":"No","AnonymizeResponse":"No","RefererCheck":"No","BallotBoxStuffingPreventionBehavior":"DefaultMessage","BallotBoxStuffingPreventionMessage":null,"BallotBoxStuffingPreventionMessageLibrary":null,"BallotBoxStuffingPreventionURL":null,"RecaptchaV3":"false","ConfirmStart":false,"AutoConfirmStart":false,"RelevantID":"false","RelevantIDLockoutPeriod":"+30 days","UseCustomSurveyLinkCompletedMessage":null,"SurveyLinkCompletedMessage":null,"SurveyLinkCompletedMessageLibrary":null,"ResponseSummary":"No","EOSMessageLibrary":null,"EOSRedirectURL":null,"EmailThankYou":"false","ThankYouEmailMessageLibrary":null,"ThankYouEmailMessage":null,"ValidateMessage":"false","ValidationMessageLibrary":null,"InactiveSurvey":"DefaultMessage","PartialDeletion":null,"PartialDataCloseAfter":"LastActivity","InactiveMessageLibrary":null,"InactiveMessage":null,"AvailableLanguages":{"PT-BR":[]}}},{"SurveyID":"SV_6kZygs4cKV6z0ge","Element":"SQ","PrimaryAttribute":"QID1","SecondaryAttribute":"Frases de filtro para copiar [EXCLUA]","TertiaryAttribute":null,"Payload":{"QuestionText":"<span style=\"color:#555555;\"><em>Frases de filtro para copiar<\/em> <\/span><strong>[EXCLUA]<\/strong>","DefaultChoices":false,"DataExportTag":"EXCLUIR!","QuestionID":"QID1","QuestionType":"MC","Selector":"SAVR","SubSelector":"TX","DataVisibility":{"Private":false,"Hidden":false},"Configuration":{"QuestionDescriptionOption":"UseText"},"QuestionDescription":"Frases de filtro para copiar [EXCLUA]","Choices":{"4":{"Display":"Obrigado por responder. Infelizmente voc\u00ea n\u00e3o se encaixa nos crit\u00e9rios desta pesquisa."},"5":{"Display":"Gracias por responder. Lamentablemente no cumples con los criterios de esta encuesta."},"6":{"Display":"Thank you for responding. Unfortunately, you do not meet the criteria for this survey."}},"ChoiceOrder":["4","5","6"],"Validation":{"Settings":{"ForceResponse":"OFF","Type":"None"}},"GradingData":[],"Language":[],"NextChoiceId":4,"NextAnswerId":1,"AnalyzeChoices":{"4":"No","5":"No","6":"No"},"DisplayLogic":{"0":{"0":{"LogicType":"BooleanValue","Value":"False","Type":"Expression","Description":"<span class=\"ConjDesc\">If<\/span><span> False<\/span>"},"Type":"If"},"Type":"BooleanExpression","inPage":false}}},{"SurveyID":"SV_6kZygs4cKV6z0ge","Element":"SQ","PrimaryAttribute":"QID2","SecondaryAttribute":"Haga clic para escribir el texto de la pregunta","TertiaryAttribute":null,"Payload":{"QuestionText":"Haga clic para escribir el texto de la pregunta","DataExportTag":"Q2","QuestionType":"MC","Selector":"SAVR","SubSelector":"TX","DataVisibility":{"Private":false,"Hidden":false},"Configuration":{"QuestionDescriptionOption":"UseText"},"QuestionDescription":"Haga clic para escribir el texto de la pregunta","Choices":{"1":{"Display":"Haga clic para escribir la opci\u00f3n 1"},"2":{"Display":"Haga clic para escribir la opci\u00f3n 2"},"3":{"Display":"Haga clic para escribir la opci\u00f3n 3"}},"ChoiceOrder":["1","2","3"],"Validation":{"Settings":{"ForceResponse":"OFF","Type":"None"}},"Language":[],"NextChoiceId":4,"NextAnswerId":1,"QuestionID":"QID2"}},{"SurveyID":"SV_6kZygs4cKV6z0ge","Element":"SQ","PrimaryAttribute":"QID3","SecondaryAttribute":"Click to write the question text","TertiaryAttribute":null,"Payload":{"QuestionText":"Click to write the question text","DataExportTag":"Q3","QuestionType":"MC","Selector":"SAVR","SubSelector":"TX","DataVisibility":{"Private":false,"Hidden":false},"Configuration":{"QuestionDescriptionOption":"UseText"},"QuestionDescription":"Click to write the question text","Choices":{"1":{"Display":"Click to write Choice 1"},"2":{"Display":"Click to write Choice 2"},"3":{"Display":"Click to write Choice 3"}},"ChoiceOrder":["1","2","3"],"Validation":{"Settings":{"ForceResponse":"OFF","Type":"None"}},"Language":[],"NextChoiceId":4,"NextAnswerId":1,"QuestionID":"QID3"}},{"SurveyID":"SV_6kZygs4cKV6z0ge","Element":"STAT","PrimaryAttribute":"Survey Statistics","SecondaryAttribute":null,"TertiaryAttribute":null,"Payload":{"MobileCompatible":true,"ID":"Survey Statistics"}}]}